// !$*UTF8*$!
{
	archiveVersion = 1;
	classes = {
	};
	objectVersion = 50;
	objects = {

/* Begin PBXBuildFile section */
		722B4C942200DF3F00FD321A /* AppDelegate.swift in Sources */ = {isa = PBXBuildFile; fileRef = 722B4C932200DF3F00FD321A /* AppDelegate.swift */; };
		722B4C962200DF3F00FD321A /* ViewController.swift in Sources */ = {isa = PBXBuildFile; fileRef = 722B4C952200DF3F00FD321A /* ViewController.swift */; };
		722B4C992200DF3F00FD321A /* Main.storyboard in Resources */ = {isa = PBXBuildFile; fileRef = 722B4C972200DF3F00FD321A /* Main.storyboard */; };
		722B4C9C2200DF3F00FD321A /* TapLights.xcdatamodeld in Sources */ = {isa = PBXBuildFile; fileRef = 722B4C9A2200DF3F00FD321A /* TapLights.xcdatamodeld */; };
		722B4C9E2200DF4100FD321A /* Assets.xcassets in Resources */ = {isa = PBXBuildFile; fileRef = 722B4C9D2200DF4100FD321A /* Assets.xcassets */; };
		722B4CA12200DF4100FD321A /* LaunchScreen.storyboard in Resources */ = {isa = PBXBuildFile; fileRef = 722B4C9F2200DF4100FD321A /* LaunchScreen.storyboard */; };
		722B4CAC2200DF4100FD321A /* TapLightsTests.swift in Sources */ = {isa = PBXBuildFile; fileRef = 722B4CAB2200DF4100FD321A /* TapLightsTests.swift */; };
		722B4CB72200DF4100FD321A /* TapLightsUITests.swift in Sources */ = {isa = PBXBuildFile; fileRef = 722B4CB62200DF4100FD321A /* TapLightsUITests.swift */; };
/* End PBXBuildFile section */

/* Begin PBXContainerItemProxy section */
		722B4CA82200DF4100FD321A /* PBXContainerItemProxy */ = {
			isa = PBXContainerItemProxy;
			containerPortal = 722B4C882200DF3F00FD321A /* Project object */;
			proxyType = 1;
			remoteGlobalIDString = 722B4C8F2200DF3F00FD321A;
			remoteInfo = TapLights;
		};
		722B4CB32200DF4100FD321A /* PBXContainerItemProxy */ = {
			isa = PBXContainerItemProxy;
			containerPortal = 722B4C882200DF3F00FD321A /* Project object */;
			proxyType = 1;
			remoteGlobalIDString = 722B4C8F2200DF3F00FD321A;
			remoteInfo = TapLights;
		};
/* End PBXContainerItemProxy section */

/* Begin PBXFileReference section */
		722B4C902200DF3F00FD321A /* TapLights.app */ = {isa = PBXFileReference; explicitFileType = wrapper.application; includeInIndex = 0; path = TapLights.app; sourceTree = BUILT_PRODUCTS_DIR; };
		722B4C932200DF3F00FD321A /* AppDelegate.swift */ = {isa = PBXFileReference; lastKnownFileType = sourcecode.swift; path = AppDelegate.swift; sourceTree = "<group>"; };
		722B4C952200DF3F00FD321A /* ViewController.swift */ = {isa = PBXFileReference; lastKnownFileType = sourcecode.swift; path = ViewController.swift; sourceTree = "<group>"; };
		722B4C982200DF3F00FD321A /* Base */ = {isa = PBXFileReference; lastKnownFileType = file.storyboard; name = Base; path = Base.lproj/Main.storyboard; sourceTree = "<group>"; };
		722B4C9B2200DF3F00FD321A /* TapLights.xcdatamodel */ = {isa = PBXFileReference; lastKnownFileType = wrapper.xcdatamodel; path = TapLights.xcdatamodel; sourceTree = "<group>"; };
		722B4C9D2200DF4100FD321A /* Assets.xcassets */ = {isa = PBXFileReference; lastKnownFileType = folder.assetcatalog; path = Assets.xcassets; sourceTree = "<group>"; };
		722B4CA02200DF4100FD321A /* Base */ = {isa = PBXFileReference; lastKnownFileType = file.storyboard; name = Base; path = Base.lproj/LaunchScreen.storyboard; sourceTree = "<group>"; };
		722B4CA22200DF4100FD321A /* Info.plist */ = {isa = PBXFileReference; lastKnownFileType = text.plist.xml; path = Info.plist; sourceTree = "<group>"; };
		722B4CA72200DF4100FD321A /* TapLightsTests.xctest */ = {isa = PBXFileReference; explicitFileType = wrapper.cfbundle; includeInIndex = 0; path = TapLightsTests.xctest; sourceTree = BUILT_PRODUCTS_DIR; };
		722B4CAB2200DF4100FD321A /* TapLightsTests.swift */ = {isa = PBXFileReference; lastKnownFileType = sourcecode.swift; path = TapLightsTests.swift; sourceTree = "<group>"; };
		722B4CAD2200DF4100FD321A /* Info.plist */ = {isa = PBXFileReference; lastKnownFileType = text.plist.xml; path = Info.plist; sourceTree = "<group>"; };
		722B4CB22200DF4100FD321A /* TapLightsUITests.xctest */ = {isa = PBXFileReference; explicitFileType = wrapper.cfbundle; includeInIndex = 0; path = TapLightsUITests.xctest; sourceTree = BUILT_PRODUCTS_DIR; };
		722B4CB62200DF4100FD321A /* TapLightsUITests.swift */ = {isa = PBXFileReference; lastKnownFileType = sourcecode.swift; path = TapLightsUITests.swift; sourceTree = "<group>"; };
		722B4CB82200DF4100FD321A /* Info.plist */ = {isa = PBXFileReference; lastKnownFileType = text.plist.xml; path = Info.plist; sourceTree = "<group>"; };
/* End PBXFileReference section */

/* Begin PBXFrameworksBuildPhase section */
		722B4C8D2200DF3F00FD321A /* Frameworks */ = {
			isa = PBXFrameworksBuildPhase;
			buildActionMask = 2147483647;
			files = (
			);
			runOnlyForDeploymentPostprocessing = 0;
		};
		722B4CA42200DF4100FD321A /* Frameworks */ = {
			isa = PBXFrameworksBuildPhase;
			buildActionMask = 2147483647;
			files = (
			);
			runOnlyForDeploymentPostprocessing = 0;
		};
		722B4CAF2200DF4100FD321A /* Frameworks */ = {
			isa = PBXFrameworksBuildPhase;
			buildActionMask = 2147483647;
			files = (
			);
			runOnlyForDeploymentPostprocessing = 0;
		};
/* End PBXFrameworksBuildPhase section */

/* Begin PBXGroup section */
		722B4C872200DF3F00FD321A = {
			isa = PBXGroup;
			children = (
				722B4C922200DF3F00FD321A /* TapLights */,
				722B4CAA2200DF4100FD321A /* TapLightsTests */,
				722B4CB52200DF4100FD321A /* TapLightsUITests */,
				722B4C912200DF3F00FD321A /* Products */,
			);
			sourceTree = "<group>";
		};
		722B4C912200DF3F00FD321A /* Products */ = {
			isa = PBXGroup;
			children = (
				722B4C902200DF3F00FD321A /* TapLights.app */,
				722B4CA72200DF4100FD321A /* TapLightsTests.xctest */,
				722B4CB22200DF4100FD321A /* TapLightsUITests.xctest */,
			);
			name = Products;
			sourceTree = "<group>";
		};
		722B4C922200DF3F00FD321A /* TapLights */ = {
			isa = PBXGroup;
			children = (
				722B4C932200DF3F00FD321A /* AppDelegate.swift */,
				722B4C952200DF3F00FD321A /* ViewController.swift */,
				722B4C972200DF3F00FD321A /* Main.storyboard */,
				722B4C9D2200DF4100FD321A /* Assets.xcassets */,
				722B4C9F2200DF4100FD321A /* LaunchScreen.storyboard */,
				722B4CA22200DF4100FD321A /* Info.plist */,
				722B4C9A2200DF3F00FD321A /* TapLights.xcdatamodeld */,
			);
			path = TapLights;
			sourceTree = "<group>";
		};
		722B4CAA2200DF4100FD321A /* TapLightsTests */ = {
			isa = PBXGroup;
			children = (
				722B4CAB2200DF4100FD321A /* TapLightsTests.swift */,
				722B4CAD2200DF4100FD321A /* Info.plist */,
			);
			path = TapLightsTests;
			sourceTree = "<group>";
		};
		722B4CB52200DF4100FD321A /* TapLightsUITests */ = {
			isa = PBXGroup;
			children = (
				722B4CB62200DF4100FD321A /* TapLightsUITests.swift */,
				722B4CB82200DF4100FD321A /* Info.plist */,
			);
			path = TapLightsUITests;
			sourceTree = "<group>";
		};
/* End PBXGroup section */

/* Begin PBXNativeTarget section */
		722B4C8F2200DF3F00FD321A /* TapLights */ = {
			isa = PBXNativeTarget;
			buildConfigurationList = 722B4CBB2200DF4100FD321A /* Build configuration list for PBXNativeTarget "TapLights" */;
			buildPhases = (
				722B4C8C2200DF3F00FD321A /* Sources */,
				722B4C8D2200DF3F00FD321A /* Frameworks */,
				722B4C8E2200DF3F00FD321A /* Resources */,
			);
			buildRules = (
			);
			dependencies = (
			);
			name = TapLights;
			productName = TapLights;
			productReference = 722B4C902200DF3F00FD321A /* TapLights.app */;
			productType = "com.apple.product-type.application";
		};
		722B4CA62200DF4100FD321A /* TapLightsTests */ = {
			isa = PBXNativeTarget;
			buildConfigurationList = 722B4CBE2200DF4100FD321A /* Build configuration list for PBXNativeTarget "TapLightsTests" */;
			buildPhases = (
				722B4CA32200DF4100FD321A /* Sources */,
				722B4CA42200DF4100FD321A /* Frameworks */,
				722B4CA52200DF4100FD321A /* Resources */,
			);
			buildRules = (
			);
			dependencies = (
				722B4CA92200DF4100FD321A /* PBXTargetDependency */,
			);
			name = TapLightsTests;
			productName = TapLightsTests;
			productReference = 722B4CA72200DF4100FD321A /* TapLightsTests.xctest */;
			productType = "com.apple.product-type.bundle.unit-test";
		};
		722B4CB12200DF4100FD321A /* TapLightsUITests */ = {
			isa = PBXNativeTarget;
			buildConfigurationList = 722B4CC12200DF4100FD321A /* Build configuration list for PBXNativeTarget "TapLightsUITests" */;
			buildPhases = (
				722B4CAE2200DF4100FD321A /* Sources */,
				722B4CAF2200DF4100FD321A /* Frameworks */,
				722B4CB02200DF4100FD321A /* Resources */,
			);
			buildRules = (
			);
			dependencies = (
				722B4CB42200DF4100FD321A /* PBXTargetDependency */,
			);
			name = TapLightsUITests;
			productName = TapLightsUITests;
			productReference = 722B4CB22200DF4100FD321A /* TapLightsUITests.xctest */;
			productType = "com.apple.product-type.bundle.ui-testing";
		};
/* End PBXNativeTarget section */

/* Begin PBXProject section */
		722B4C882200DF3F00FD321A /* Project object */ = {
			isa = PBXProject;
			attributes = {
				LastSwiftUpdateCheck = 1010;
				LastUpgradeCheck = 1010;
				ORGANIZATIONNAME = "Gustavo Colaco";
				TargetAttributes = {
					722B4C8F2200DF3F00FD321A = {
						CreatedOnToolsVersion = 10.1;
					};
					722B4CA62200DF4100FD321A = {
						CreatedOnToolsVersion = 10.1;
						TestTargetID = 722B4C8F2200DF3F00FD321A;
					};
					722B4CB12200DF4100FD321A = {
						CreatedOnToolsVersion = 10.1;
						TestTargetID = 722B4C8F2200DF3F00FD321A;
					};
				};
			};
			buildConfigurationList = 722B4C8B2200DF3F00FD321A /* Build configuration list for PBXProject "TapLights" */;
			compatibilityVersion = "Xcode 9.3";
			developmentRegion = en;
			hasScannedForEncodings = 0;
			knownRegions = (
				en,
				Base,
			);
			mainGroup = 722B4C872200DF3F00FD321A;
			productRefGroup = 722B4C912200DF3F00FD321A /* Products */;
			projectDirPath = "";
			projectRoot = "";
			targets = (
				722B4C8F2200DF3F00FD321A /* TapLights */,
				722B4CA62200DF4100FD321A /* TapLightsTests */,
				722B4CB12200DF4100FD321A /* TapLightsUITests */,
			);
		};
/* End PBXProject section */

/* Begin PBXResourcesBuildPhase section */
		722B4C8E2200DF3F00FD321A /* Resources */ = {
			isa = PBXResourcesBuildPhase;
			buildActionMask = 2147483647;
			files = (
				722B4CA12200DF4100FD321A /* LaunchScreen.storyboard in Resources */,
				722B4C9E2200DF4100FD321A /* Assets.xcassets in Resources */,
				722B4C992200DF3F00FD321A /* Main.storyboard in Resources */,
			);
			runOnlyForDeploymentPostprocessing = 0;
		};
		722B4CA52200DF4100FD321A /* Resources */ = {
			isa = PBXResourcesBuildPhase;
			buildActionMask = 2147483647;
			files = (
			);
			runOnlyForDeploymentPostprocessing = 0;
		};
		722B4CB02200DF4100FD321A /* Resources */ = {
			isa = PBXResourcesBuildPhase;
			buildActionMask = 2147483647;
			files = (
			);
			runOnlyForDeploymentPostprocessing = 0;
		};
/* End PBXResourcesBuildPhase section */

/* Begin PBXSourcesBuildPhase section */
		722B4C8C2200DF3F00FD321A /* Sources */ = {
			isa = PBXSourcesBuildPhase;
			buildActionMask = 2147483647;
			files = (
				722B4C962200DF3F00FD321A /* ViewController.swift in Sources */,
				722B4C9C2200DF3F00FD321A /* TapLights.xcdatamodeld in Sources */,
				722B4C942200DF3F00FD321A /* AppDelegate.swift in Sources */,
			);
			runOnlyForDeploymentPostprocessing = 0;
		};
		722B4CA32200DF4100FD321A /* Sources */ = {
			isa = PBXSourcesBuildPhase;
			buildActionMask = 2147483647;
			files = (
				722B4CAC2200DF4100FD321A /* TapLightsTests.swift in Sources */,
			);
			runOnlyForDeploymentPostprocessing = 0;
		};
		722B4CAE2200DF4100FD321A /* Sources */ = {
			isa = PBXSourcesBuildPhase;
			buildActionMask = 2147483647;
			files = (
				722B4CB72200DF4100FD321A /* TapLightsUITests.swift in Sources */,
			);
			runOnlyForDeploymentPostprocessing = 0;
		};
/* End PBXSourcesBuildPhase section */

/* Begin PBXTargetDependency section */
		722B4CA92200DF4100FD321A /* PBXTargetDependency */ = {
			isa = PBXTargetDependency;
			target = 722B4C8F2200DF3F00FD321A /* TapLights */;
			targetProxy = 722B4CA82200DF4100FD321A /* PBXContainerItemProxy */;
		};
		722B4CB42200DF4100FD321A /* PBXTargetDependency */ = {
			isa = PBXTargetDependency;
			target = 722B4C8F2200DF3F00FD321A /* TapLights */;
			targetProxy = 722B4CB32200DF4100FD321A /* PBXContainerItemProxy */;
		};
/* End PBXTargetDependency section */

/* Begin PBXVariantGroup section */
		722B4C972200DF3F00FD321A /* Main.storyboard */ = {
			isa = PBXVariantGroup;
			children = (
				722B4C982200DF3F00FD321A /* Base */,
			);
			name = Main.storyboard;
			sourceTree = "<group>";
		};
		722B4C9F2200DF4100FD321A /* LaunchScreen.storyboard */ = {
			isa = PBXVariantGroup;
			children = (
				722B4CA02200DF4100FD321A /* Base */,
			);
			name = LaunchScreen.storyboard;
			sourceTree = "<group>";
		};
/* End PBXVariantGroup section */

/* Begin XCBuildConfiguration section */
		722B4CB92200DF4100FD321A /* Debug */ = {
			isa = XCBuildConfiguration;
			buildSettings = {
				ALWAYS_SEARCH_USER_PATHS = NO;
				CLANG_ANALYZER_NONNULL = YES;
				CLANG_ANALYZER_NUMBER_OBJECT_CONVERSION = YES_AGGRESSIVE;
				CLANG_CXX_LANGUAGE_STANDARD = "gnu++14";
				CLANG_CXX_LIBRARY = "libc++";
				CLANG_ENABLE_MODULES = YES;
				CLANG_ENABLE_OBJC_ARC = YES;
				CLANG_ENABLE_OBJC_WEAK = YES;
				CLANG_WARN_BLOCK_CAPTURE_AUTORELEASING = YES;
				CLANG_WARN_BOOL_CONVERSION = YES;
				CLANG_WARN_COMMA = YES;
				CLANG_WARN_CONSTANT_CONVERSION = YES;
				CLANG_WARN_DEPRECATED_OBJC_IMPLEMENTATIONS = YES;
				CLANG_WARN_DIRECT_OBJC_ISA_USAGE = YES_ERROR;
				CLANG_WARN_DOCUMENTATION_COMMENTS = YES;
				CLANG_WARN_EMPTY_BODY = YES;
				CLANG_WARN_ENUM_CONVERSION = YES;
				CLANG_WARN_INFINITE_RECURSION = YES;
				CLANG_WARN_INT_CONVERSION = YES;
				CLANG_WARN_NON_LITERAL_NULL_CONVERSION = YES;
				CLANG_WARN_OBJC_IMPLICIT_RETAIN_SELF = YES;
				CLANG_WARN_OBJC_LITERAL_CONVERSION = YES;
				CLANG_WARN_OBJC_ROOT_CLASS = YES_ERROR;
				CLANG_WARN_RANGE_LOOP_ANALYSIS = YES;
				CLANG_WARN_STRICT_PROTOTYPES = YES;
				CLANG_WARN_SUSPICIOUS_MOVE = YES;
				CLANG_WARN_UNGUARDED_AVAILABILITY = YES_AGGRESSIVE;
				CLANG_WARN_UNREACHABLE_CODE = YES;
				CLANG_WARN__DUPLICATE_METHOD_MATCH = YES;
				CODE_SIGN_IDENTITY = "iPhone Developer";
				COPY_PHASE_STRIP = NO;
				DEBUG_INFORMATION_FORMAT = dwarf;
				ENABLE_STRICT_OBJC_MSGSEND = YES;
				ENABLE_TESTABILITY = YES;
				GCC_C_LANGUAGE_STANDARD = gnu11;
				GCC_DYNAMIC_NO_PIC = NO;
				GCC_NO_COMMON_BLOCKS = YES;
				GCC_OPTIMIZATION_LEVEL = 0;
				GCC_PREPROCESSOR_DEFINITIONS = (
					"DEBUG=1",
					"$(inherited)",
				);
				GCC_WARN_64_TO_32_BIT_CONVERSION = YES;
				GCC_WARN_ABOUT_RETURN_TYPE = YES_ERROR;
				GCC_WARN_UNDECLARED_SELECTOR = YES;
				GCC_WARN_UNINITIALIZED_AUTOS = YES_AGGRESSIVE;
				GCC_WARN_UNUSED_FUNCTION = YES;
				GCC_WARN_UNUSED_VARIABLE = YES;
				IPHONEOS_DEPLOYMENT_TARGET = 12.1;
				MTL_ENABLE_DEBUG_INFO = INCLUDE_SOURCE;
				MTL_FAST_MATH = YES;
				ONLY_ACTIVE_ARCH = YES;
				SDKROOT = iphoneos;
				SWIFT_ACTIVE_COMPILATION_CONDITIONS = DEBUG;
				SWIFT_OPTIMIZATION_LEVEL = "-Onone";
			};
			name = Debug;
		};
		722B4CBA2200DF4100FD321A /* Release */ = {
			isa = XCBuildConfiguration;
			buildSettings = {
				ALWAYS_SEARCH_USER_PATHS = NO;
				CLANG_ANALYZER_NONNULL = YES;
				CLANG_ANALYZER_NUMBER_OBJECT_CONVERSION = YES_AGGRESSIVE;
				CLANG_CXX_LANGUAGE_STANDARD = "gnu++14";
				CLANG_CXX_LIBRARY = "libc++";
				CLANG_ENABLE_MODULES = YES;
				CLANG_ENABLE_OBJC_ARC = YES;
				CLANG_ENABLE_OBJC_WEAK = YES;
				CLANG_WARN_BLOCK_CAPTURE_AUTORELEASING = YES;
				CLANG_WARN_BOOL_CONVERSION = YES;
				CLANG_WARN_COMMA = YES;
				CLANG_WARN_CONSTANT_CONVERSION = YES;
				CLANG_WARN_DEPRECATED_OBJC_IMPLEMENTATIONS = YES;
				CLANG_WARN_DIRECT_OBJC_ISA_USAGE = YES_ERROR;
				CLANG_WARN_DOCUMENTATION_COMMENTS = YES;
				CLANG_WARN_EMPTY_BODY = YES;
				CLANG_WARN_ENUM_CONVERSION = YES;
				CLANG_WARN_INFINITE_RECURSION = YES;
				CLANG_WARN_INT_CONVERSION = YES;
				CLANG_WARN_NON_LITERAL_NULL_CONVERSION = YES;
				CLANG_WARN_OBJC_IMPLICIT_RETAIN_SELF = YES;
				CLANG_WARN_OBJC_LITERAL_CONVERSION = YES;
				CLANG_WARN_OBJC_ROOT_CLASS = YES_ERROR;
				CLANG_WARN_RANGE_LOOP_ANALYSIS = YES;
				CLANG_WARN_STRICT_PROTOTYPES = YES;
				CLANG_WARN_SUSPICIOUS_MOVE = YES;
				CLANG_WARN_UNGUARDED_AVAILABILITY = YES_AGGRESSIVE;
				CLANG_WARN_UNREACHABLE_CODE = YES;
				CLANG_WARN__DUPLICATE_METHOD_MATCH = YES;
				CODE_SIGN_IDENTITY = "iPhone Developer";
				COPY_PHASE_STRIP = NO;
				DEBUG_INFORMATION_FORMAT = "dwarf-with-dsym";
				ENABLE_NS_ASSERTIONS = NO;
				ENABLE_STRICT_OBJC_MSGSEND = YES;
				GCC_C_LANGUAGE_STANDARD = gnu11;
				GCC_NO_COMMON_BLOCKS = YES;
				GCC_WARN_64_TO_32_BIT_CONVERSION = YES;
				GCC_WARN_ABOUT_RETURN_TYPE = YES_ERROR;
				GCC_WARN_UNDECLARED_SELECTOR = YES;
				GCC_WARN_UNINITIALIZED_AUTOS = YES_AGGRESSIVE;
				GCC_WARN_UNUSED_FUNCTION = YES;
				GCC_WARN_UNUSED_VARIABLE = YES;
				IPHONEOS_DEPLOYMENT_TARGET = 12.1;
				MTL_ENABLE_DEBUG_INFO = NO;
				MTL_FAST_MATH = YES;
				SDKROOT = iphoneos;
				SWIFT_COMPILATION_MODE = wholemodule;
				SWIFT_OPTIMIZATION_LEVEL = "-O";
				VALIDATE_PRODUCT = YES;
			};
			name = Release;
		};
		722B4CBC2200DF4100FD321A /* Debug */ = {
			isa = XCBuildConfiguration;
			buildSettings = {
				ASSETCATALOG_COMPILER_APPICON_NAME = AppIcon;
				CODE_SIGN_STYLE = Automatic;
				DEVELOPMENT_TEAM = UBXA6XL8QB;
				INFOPLIST_FILE = TapLights/Info.plist;
				LD_RUNPATH_SEARCH_PATHS = (
					"$(inherited)",
					"@executable_path/Frameworks",
				);
				PRODUCT_BUNDLE_IDENTIFIER = com.gustavocolaco.TapLights;
				PRODUCT_NAME = "$(TARGET_NAME)";
				SWIFT_VERSION = 4.2;
				TARGETED_DEVICE_FAMILY = "1,2";
			};
			name = Debug;
		};
		722B4CBD2200DF4100FD321A /* Release */ = {
			isa = XCBuildConfiguration;
			buildSettings = {
				ASSETCATALOG_COMPILER_APPICON_NAME = AppIcon;
				CODE_SIGN_STYLE = Automatic;
				DEVELOPMENT_TEAM = UBXA6XL8QB;
				INFOPLIST_FILE = TapLights/Info.plist;
				LD_RUNPATH_SEARCH_PATHS = (
					"$(inherited)",
					"@executable_path/Frameworks",
				);
				PRODUCT_BUNDLE_IDENTIFIER = com.gustavocolaco.TapLights;
				PRODUCT_NAME = "$(TARGET_NAME)";
				SWIFT_VERSION = 4.2;
				TARGETED_DEVICE_FAMILY = "1,2";
			};
			name = Release;
		};
		722B4CBF2200DF4100FD321A /* Debug */ = {
			isa = XCBuildConfiguration;
			buildSettings = {
				ALWAYS_EMBED_SWIFT_STANDARD_LIBRARIES = YES;
				BUNDLE_LOADER = "$(TEST_HOST)";
				CODE_SIGN_STYLE = Automatic;
				DEVELOPMENT_TEAM = UBXA6XL8QB;
				INFOPLIST_FILE = TapLightsTests/Info.plist;
				LD_RUNPATH_SEARCH_PATHS = (
					"$(inherited)",
					"@executable_path/Frameworks",
					"@loader_path/Frameworks",
				);
				PRODUCT_BUNDLE_IDENTIFIER = com.gustavocolaco.TapLightsTests;
				PRODUCT_NAME = "$(TARGET_NAME)";
				SWIFT_VERSION = 4.2;
				TARGETED_DEVICE_FAMILY = "1,2";
				TEST_HOST = "$(BUILT_PRODUCTS_DIR)/TapLights.app/TapLights";
			};
			name = Debug;
		};
		722B4CC02200DF4100FD321A /* Release */ = {
			isa = XCBuildConfiguration;
			buildSettings = {
				ALWAYS_EMBED_SWIFT_STANDARD_LIBRARIES = YES;
				BUNDLE_LOADER = "$(TEST_HOST)";
				CODE_SIGN_STYLE = Automatic;
				DEVELOPMENT_TEAM = UBXA6XL8QB;
				INFOPLIST_FILE = TapLightsTests/Info.plist;
				LD_RUNPATH_SEARCH_PATHS = (
					"$(inherited)",
					"@executable_path/Frameworks",
					"@loader_path/Frameworks",
				);
				PRODUCT_BUNDLE_IDENTIFIER = com.gustavocolaco.TapLightsTests;
				PRODUCT_NAME = "$(TARGET_NAME)";
				SWIFT_VERSION = 4.2;
				TARGETED_DEVICE_FAMILY = "1,2";
				TEST_HOST = "$(BUILT_PRODUCTS_DIR)/TapLights.app/TapLights";
			};
			name = Release;
		};
		722B4CC22200DF4100FD321A /* Debug */ = {
			isa = XCBuildConfiguration;
			buildSettings = {
				ALWAYS_EMBED_SWIFT_STANDARD_LIBRARIES = YES;
				CODE_SIGN_STYLE = Automatic;
				DEVELOPMENT_TEAM = UBXA6XL8QB;
				INFOPLIST_FILE = TapLightsUITests/Info.plist;
				LD_RUNPATH_SEARCH_PATHS = (
					"$(inherited)",
					"@executable_path/Frameworks",
					"@loader_path/Frameworks",
				);
				PRODUCT_BUNDLE_IDENTIFIER = com.gustavocolaco.TapLightsUITests;
				PRODUCT_NAME = "$(TARGET_NAME)";
				SWIFT_VERSION = 4.2;
				TARGETED_DEVICE_FAMILY = "1,2";
				TEST_TARGET_NAME = TapLights;
			};
			name = Debug;
		};
		722B4CC32200DF4100FD321A /* Release */ = {
			isa = XCBuildConfiguration;
			buildSettings = {
				ALWAYS_EMBED_SWIFT_STANDARD_LIBRARIES = YES;
				CODE_SIGN_STYLE = Automatic;
				DEVELOPMENT_TEAM = UBXA6XL8QB;
				INFOPLIST_FILE = TapLightsUITests/Info.plist;
				LD_RUNPATH_SEARCH_PATHS = (
					"$(inherited)",
					"@executable_path/Frameworks",
					"@loader_path/Frameworks",
				);
				PRODUCT_BUNDLE_IDENTIFIER = com.gustavocolaco.TapLightsUITests;
				PRODUCT_NAME = "$(TARGET_NAME)";
				SWIFT_VERSION = 4.2;
				TARGETED_DEVICE_FAMILY = "1,2";
				TEST_TARGET_NAME = TapLights;
			};
			name = Release;
		};
/* End XCBuildConfiguration section */

/* Begin XCConfigurationList section */
		722B4C8B2200DF3F00FD321A /* Build configuration list for PBXProject "TapLights" */ = {
			isa = XCConfigurationList;
			buildConfigurations = (
				722B4CB92200DF4100FD321A /* Debug */,
				722B4CBA2200DF4100FD321A /* Release */,
			);
			defaultConfigurationIsVisible = 0;
			defaultConfigurationName = Release;
		};
		722B4CBB2200DF4100FD321A /* Build configuration list for PBXNativeTarget "TapLights" */ = {
			isa = XCConfigurationList;
			buildConfigurations = (
				722B4CBC2200DF4100FD321A /* Debug */,
				722B4CBD2200DF4100FD321A /* Release */,
			);
			defaultConfigurationIsVisible = 0;
			defaultConfigurationName = Release;
		};
		722B4CBE2200DF4100FD321A /* Build configuration list for PBXNativeTarget "TapLightsTests" */ = {
			isa = XCConfigurationList;
			buildConfigurations = (
				722B4CBF2200DF4100FD321A /* Debug */,
				722B4CC02200DF4100FD321A /* Release */,
			);
			defaultConfigurationIsVisible = 0;
			defaultConfigurationName = Release;
		};
		722B4CC12200DF4100FD321A /* Build configuration list for PBXNativeTarget "TapLightsUITests" */ = {
			isa = XCConfigurationList;
			buildConfigurations = (
				722B4CC22200DF4100FD321A /* Debug */,
				722B4CC32200DF4100FD321A /* Release */,
			);
			defaultConfigurationIsVisible = 0;
			defaultConfigurationName = Release;
		};
/* End XCConfigurationList section */

/* Begin XCVersionGroup section */
		722B4C9A2200DF3F00FD321A /* TapLights.xcdatamodeld */ = {
			isa = XCVersionGroup;
			children = (
				722B4C9B2200DF3F00FD321A /* TapLights.xcdatamodel */,
			);
			currentVersion = 722B4C9B2200DF3F00FD321A /* TapLights.xcdatamodel */;
			path = TapLights.xcdatamodeld;
			sourceTree = "<group>";
			versionGroupType = wrapper.xcdatamodel;
		};
/* End XCVersionGroup section */
	};
	rootObject = 722B4C882200DF3F00FD321A /* Project object */;
}
